// !$*UTF8*$!
{
	archiveVersion = 1;
	classes = {
	};
	objectVersion = 46;
	objects = {

/* Begin PBXBuildFile section */
		B70F357C1F0A4A1200BA3575 /* AppDelegate.swift in Sources */ = {isa = PBXBuildFile; fileRef = B70F357B1F0A4A1200BA3575 /* AppDelegate.swift */; };
		B70F357E1F0A4A1200BA3575 /* ViewController.swift in Sources */ = {isa = PBXBuildFile; fileRef = B70F357D1F0A4A1200BA3575 /* ViewController.swift */; };
		B70F35811F0A4A1200BA3575 /* Main.storyboard in Resources */ = {isa = PBXBuildFile; fileRef = B70F357F1F0A4A1200BA3575 /* Main.storyboard */; };
		B70F35831F0A4A1200BA3575 /* Assets.xcassets in Resources */ = {isa = PBXBuildFile; fileRef = B70F35821F0A4A1200BA3575 /* Assets.xcassets */; };
		B70F35861F0A4A1200BA3575 /* LaunchScreen.storyboard in Resources */ = {isa = PBXBuildFile; fileRef = B70F35841F0A4A1200BA3575 /* LaunchScreen.storyboard */; };
		B70F35901F0A4AC100BA3575 /* PtotoPreviewViewController.swift in Sources */ = {isa = PBXBuildFile; fileRef = B70F358F1F0A4AC100BA3575 /* PtotoPreviewViewController.swift */; };
		B70F35961F0A4B2B00BA3575 /* libsqlite3.tbd in Frameworks */ = {isa = PBXBuildFile; fileRef = B70F35951F0A4B2B00BA3575 /* libsqlite3.tbd */; };
		B70F35981F0A4B8200BA3575 /* DatabaseFile.swift in Sources */ = {isa = PBXBuildFile; fileRef = B70F35971F0A4B8200BA3575 /* DatabaseFile.swift */; };
		B70F359D1F0A4EC400BA3575 /* NameItDatabase.sqlite in Resources */ = {isa = PBXBuildFile; fileRef = B70F359C1F0A4EC400BA3575 /* NameItDatabase.sqlite */; };
		B7687AE01F0F69DD001A6006 /* AirBrushViewController.swift in Sources */ = {isa = PBXBuildFile; fileRef = B7687ADF1F0F69DD001A6006 /* AirBrushViewController.swift */; };
		B7687AE31F0F6BA8001A6006 /* colorPickerPlate.png in Resources */ = {isa = PBXBuildFile; fileRef = B7687AE21F0F6BA8001A6006 /* colorPickerPlate.png */; };
		B7687AE51F0F6CB4001A6006 /* colorPickerPlate1.png in Resources */ = {isa = PBXBuildFile; fileRef = B7687AE41F0F6CB4001A6006 /* colorPickerPlate1.png */; };
		B76A54591F16278200EBB045 /* Montserrat-Bold.ttf in Resources */ = {isa = PBXBuildFile; fileRef = B76A54561F16278200EBB045 /* Montserrat-Bold.ttf */; };
		B76A545A1F16278200EBB045 /* Montserrat-Light.ttf in Resources */ = {isa = PBXBuildFile; fileRef = B76A54571F16278200EBB045 /* Montserrat-Light.ttf */; };
		B76A545B1F16278200EBB045 /* Montserrat-Regular.ttf in Resources */ = {isa = PBXBuildFile; fileRef = B76A54581F16278200EBB045 /* Montserrat-Regular.ttf */; };
		B76A545D1F16294900EBB045 /* CustomFont.swift in Sources */ = {isa = PBXBuildFile; fileRef = B76A545C1F16294900EBB045 /* CustomFont.swift */; };
		B77EF2211F0E521300ADDC22 /* UserDefaultManager.swift in Sources */ = {isa = PBXBuildFile; fileRef = B77EF2201F0E521300ADDC22 /* UserDefaultManager.swift */; };
		B784BAE01F0CBA7B009A5F89 /* PhotoGridCollectionViewCell.swift in Sources */ = {isa = PBXBuildFile; fileRef = B784BADF1F0CBA7B009A5F89 /* PhotoGridCollectionViewCell.swift */; };
		B784BAE41F0CCE29009A5F89 /* GlobalBackViewController.swift in Sources */ = {isa = PBXBuildFile; fileRef = B784BAE31F0CCE29009A5F89 /* GlobalBackViewController.swift */; };
		B798FA8B1F137DA3008B5BF0 /* MMMaterialDesignSpinner.m in Sources */ = {isa = PBXBuildFile; fileRef = B798FA8A1F137DA3008B5BF0 /* MMMaterialDesignSpinner.m */; };
		B7C95C2C1F178F6E00BB1762 /* launchScreen.png in Resources */ = {isa = PBXBuildFile; fileRef = B7C95C2B1F178F6E00BB1762 /* launchScreen.png */; };
		B7E5C6251F178BEA00A8FA37 /* image1.png in Resources */ = {isa = PBXBuildFile; fileRef = B7E5C61B1F178BEA00A8FA37 /* image1.png */; };
		B7E5C6261F178BEA00A8FA37 /* image2.png in Resources */ = {isa = PBXBuildFile; fileRef = B7E5C61C1F178BEA00A8FA37 /* image2.png */; };
		B7E5C6271F178BEA00A8FA37 /* image3.png in Resources */ = {isa = PBXBuildFile; fileRef = B7E5C61D1F178BEA00A8FA37 /* image3.png */; };
		B7E5C6281F178BEA00A8FA37 /* image4.png in Resources */ = {isa = PBXBuildFile; fileRef = B7E5C61E1F178BEA00A8FA37 /* image4.png */; };
		B7E5C6291F178BEA00A8FA37 /* image5.png in Resources */ = {isa = PBXBuildFile; fileRef = B7E5C61F1F178BEA00A8FA37 /* image5.png */; };
		B7E5C62A1F178BEA00A8FA37 /* image6.png in Resources */ = {isa = PBXBuildFile; fileRef = B7E5C6201F178BEA00A8FA37 /* image6.png */; };
		B7E5C62B1F178BEA00A8FA37 /* image7.png in Resources */ = {isa = PBXBuildFile; fileRef = B7E5C6211F178BEA00A8FA37 /* image7.png */; };
		B7E5C62C1F178BEA00A8FA37 /* image8.png in Resources */ = {isa = PBXBuildFile; fileRef = B7E5C6221F178BEA00A8FA37 /* image8.png */; };
		B7E5C62D1F178BEA00A8FA37 /* image9.png in Resources */ = {isa = PBXBuildFile; fileRef = B7E5C6231F178BEA00A8FA37 /* image9.png */; };
		B7E5C6311F178C1C00A8FA37 /* SplashViewController.swift in Sources */ = {isa = PBXBuildFile; fileRef = B7E5C6301F178C1C00A8FA37 /* SplashViewController.swift */; };
/* End PBXBuildFile section */

/* Begin PBXFileReference section */
		B70F35781F0A4A1200BA3575 /* NameIt.app */ = {isa = PBXFileReference; explicitFileType = wrapper.application; includeInIndex = 0; path = NameIt.app; sourceTree = BUILT_PRODUCTS_DIR; };
		B70F357B1F0A4A1200BA3575 /* AppDelegate.swift */ = {isa = PBXFileReference; lastKnownFileType = sourcecode.swift; path = AppDelegate.swift; sourceTree = "<group>"; };
		B70F357D1F0A4A1200BA3575 /* ViewController.swift */ = {isa = PBXFileReference; lastKnownFileType = sourcecode.swift; path = ViewController.swift; sourceTree = "<group>"; };
		B70F35801F0A4A1200BA3575 /* Base */ = {isa = PBXFileReference; lastKnownFileType = file.storyboard; name = Base; path = Base.lproj/Main.storyboard; sourceTree = "<group>"; };
		B70F35821F0A4A1200BA3575 /* Assets.xcassets */ = {isa = PBXFileReference; lastKnownFileType = folder.assetcatalog; path = Assets.xcassets; sourceTree = "<group>"; };
		B70F35851F0A4A1200BA3575 /* Base */ = {isa = PBXFileReference; lastKnownFileType = file.storyboard; name = Base; path = Base.lproj/LaunchScreen.storyboard; sourceTree = "<group>"; };
		B70F35871F0A4A1200BA3575 /* Info.plist */ = {isa = PBXFileReference; lastKnownFileType = text.plist.xml; path = Info.plist; sourceTree = "<group>"; };
		B70F358F1F0A4AC100BA3575 /* PtotoPreviewViewController.swift */ = {isa = PBXFileReference; fileEncoding = 4; lastKnownFileType = sourcecode.swift; path = PtotoPreviewViewController.swift; sourceTree = "<group>"; };
		B70F35931F0A4B1300BA3575 /* NameIt_Bridging_Header.h */ = {isa = PBXFileReference; lastKnownFileType = sourcecode.c.h; path = NameIt_Bridging_Header.h; sourceTree = "<group>"; };
		B70F35951F0A4B2B00BA3575 /* libsqlite3.tbd */ = {isa = PBXFileReference; lastKnownFileType = "sourcecode.text-based-dylib-definition"; name = libsqlite3.tbd; path = usr/lib/libsqlite3.tbd; sourceTree = SDKROOT; };
		B70F35971F0A4B8200BA3575 /* DatabaseFile.swift */ = {isa = PBXFileReference; fileEncoding = 4; lastKnownFileType = sourcecode.swift; path = DatabaseFile.swift; sourceTree = "<group>"; };
		B70F359C1F0A4EC400BA3575 /* NameItDatabase.sqlite */ = {isa = PBXFileReference; lastKnownFileType = file; path = NameItDatabase.sqlite; sourceTree = "<group>"; };
		B7687ADF1F0F69DD001A6006 /* AirBrushViewController.swift */ = {isa = PBXFileReference; fileEncoding = 4; lastKnownFileType = sourcecode.swift; path = AirBrushViewController.swift; sourceTree = "<group>"; };
		B7687AE21F0F6BA8001A6006 /* colorPickerPlate.png */ = {isa = PBXFileReference; lastKnownFileType = image.png; path = colorPickerPlate.png; sourceTree = "<group>"; };
		B7687AE41F0F6CB4001A6006 /* colorPickerPlate1.png */ = {isa = PBXFileReference; lastKnownFileType = image.png; path = colorPickerPlate1.png; sourceTree = "<group>"; };
		B76A54561F16278200EBB045 /* Montserrat-Bold.ttf */ = {isa = PBXFileReference; lastKnownFileType = file; path = "Montserrat-Bold.ttf"; sourceTree = "<group>"; };
		B76A54571F16278200EBB045 /* Montserrat-Light.ttf */ = {isa = PBXFileReference; lastKnownFileType = file; path = "Montserrat-Light.ttf"; sourceTree = "<group>"; };
		B76A54581F16278200EBB045 /* Montserrat-Regular.ttf */ = {isa = PBXFileReference; lastKnownFileType = file; path = "Montserrat-Regular.ttf"; sourceTree = "<group>"; };
		B76A545C1F16294900EBB045 /* CustomFont.swift */ = {isa = PBXFileReference; fileEncoding = 4; lastKnownFileType = sourcecode.swift; path = CustomFont.swift; sourceTree = "<group>"; };
		B77EF2201F0E521300ADDC22 /* UserDefaultManager.swift */ = {isa = PBXFileReference; fileEncoding = 4; lastKnownFileType = sourcecode.swift; path = UserDefaultManager.swift; sourceTree = "<group>"; };
		B784BADF1F0CBA7B009A5F89 /* PhotoGridCollectionViewCell.swift */ = {isa = PBXFileReference; fileEncoding = 4; lastKnownFileType = sourcecode.swift; path = PhotoGridCollectionViewCell.swift; sourceTree = "<group>"; };
		B784BAE31F0CCE29009A5F89 /* GlobalBackViewController.swift */ = {isa = PBXFileReference; fileEncoding = 4; lastKnownFileType = sourcecode.swift; path = GlobalBackViewController.swift; sourceTree = "<group>"; };
		B798FA891F137DA3008B5BF0 /* MMMaterialDesignSpinner.h */ = {isa = PBXFileReference; fileEncoding = 4; lastKnownFileType = sourcecode.c.h; path = MMMaterialDesignSpinner.h; sourceTree = "<group>"; };
		B798FA8A1F137DA3008B5BF0 /* MMMaterialDesignSpinner.m */ = {isa = PBXFileReference; fileEncoding = 4; lastKnownFileType = sourcecode.c.objc; path = MMMaterialDesignSpinner.m; sourceTree = "<group>"; };
		B7C95C2B1F178F6E00BB1762 /* launchScreen.png */ = {isa = PBXFileReference; lastKnownFileType = image.png; path = launchScreen.png; sourceTree = "<group>"; };
		B7E5C61B1F178BEA00A8FA37 /* image1.png */ = {isa = PBXFileReference; lastKnownFileType = image.png; path = image1.png; sourceTree = "<group>"; };
		B7E5C61C1F178BEA00A8FA37 /* image2.png */ = {isa = PBXFileReference; lastKnownFileType = image.png; path = image2.png; sourceTree = "<group>"; };
		B7E5C61D1F178BEA00A8FA37 /* image3.png */ = {isa = PBXFileReference; lastKnownFileType = image.png; path = image3.png; sourceTree = "<group>"; };
		B7E5C61E1F178BEA00A8FA37 /* image4.png */ = {isa = PBXFileReference; lastKnownFileType = image.png; path = image4.png; sourceTree = "<group>"; };
		B7E5C61F1F178BEA00A8FA37 /* image5.png */ = {isa = PBXFileReference; lastKnownFileType = image.png; path = image5.png; sourceTree = "<group>"; };
		B7E5C6201F178BEA00A8FA37 /* image6.png */ = {isa = PBXFileReference; lastKnownFileType = image.png; path = image6.png; sourceTree = "<group>"; };
		B7E5C6211F178BEA00A8FA37 /* image7.png */ = {isa = PBXFileReference; lastKnownFileType = image.png; path = image7.png; sourceTree = "<group>"; };
		B7E5C6221F178BEA00A8FA37 /* image8.png */ = {isa = PBXFileReference; lastKnownFileType = image.png; path = image8.png; sourceTree = "<group>"; };
		B7E5C6231F178BEA00A8FA37 /* image9.png */ = {isa = PBXFileReference; lastKnownFileType = image.png; path = image9.png; sourceTree = "<group>"; };
		B7E5C6301F178C1C00A8FA37 /* SplashViewController.swift */ = {isa = PBXFileReference; fileEncoding = 4; lastKnownFileType = sourcecode.swift; path = SplashViewController.swift; sourceTree = "<group>"; };
/* End PBXFileReference section */

/* Begin PBXFrameworksBuildPhase section */
		B70F35751F0A4A1200BA3575 /* Frameworks */ = {
			isa = PBXFrameworksBuildPhase;
			buildActionMask = 2147483647;
			files = (
				B70F35961F0A4B2B00BA3575 /* libsqlite3.tbd in Frameworks */,
			);
			runOnlyForDeploymentPostprocessing = 0;
		};
/* End PBXFrameworksBuildPhase section */

/* Begin PBXGroup section */
		B70F356F1F0A4A1200BA3575 = {
			isa = PBXGroup;
			children = (
				B70F357A1F0A4A1200BA3575 /* NameIt */,
				B70F35791F0A4A1200BA3575 /* Products */,
				B70F35941F0A4B2B00BA3575 /* Frameworks */,
			);
			sourceTree = "<group>";
		};
		B70F35791F0A4A1200BA3575 /* Products */ = {
			isa = PBXGroup;
			children = (
				B70F35781F0A4A1200BA3575 /* NameIt.app */,
			);
			name = Products;
			sourceTree = "<group>";
		};
		B70F357A1F0A4A1200BA3575 /* NameIt */ = {
			isa = PBXGroup;
			children = (
				B70F357B1F0A4A1200BA3575 /* AppDelegate.swift */,
				B70F35A31F0A519900BA3575 /* Controllers */,
				B784BAE11F0CCE08009A5F89 /* View */,
				B70F35921F0A4AE400BA3575 /* DataModel */,
				B798FA871F137D80008B5BF0 /* HelperClasses */,
				B70F35911F0A4ACC00BA3575 /* SupportingFiles */,
				B70F357F1F0A4A1200BA3575 /* Main.storyboard */,
				B70F35821F0A4A1200BA3575 /* Assets.xcassets */,
				B70F35841F0A4A1200BA3575 /* LaunchScreen.storyboard */,
				B70F35871F0A4A1200BA3575 /* Info.plist */,
				B7687AE21F0F6BA8001A6006 /* colorPickerPlate.png */,
			);
			path = NameIt;
			sourceTree = "<group>";
		};
		B70F358D1F0A4A9200BA3575 /* PhotosViewController */ = {
			isa = PBXGroup;
			children = (
				B70F357D1F0A4A1200BA3575 /* ViewController.swift */,
				B784BADF1F0CBA7B009A5F89 /* PhotoGridCollectionViewCell.swift */,
			);
			name = PhotosViewController;
			sourceTree = "<group>";
		};
		B70F358E1F0A4A9F00BA3575 /* EditPhotoViewController */ = {
			isa = PBXGroup;
			children = (
				B7687AE11F0F6A05001A6006 /* PhotoPreviewViewController */,
				B7687ADE1F0F69C0001A6006 /* AirBrushViewController */,
			);
			name = EditPhotoViewController;
			sourceTree = "<group>";
		};
		B70F35911F0A4ACC00BA3575 /* SupportingFiles */ = {
			isa = PBXGroup;
			children = (
				B76A54551F16270900EBB045 /* Fonts */,
				B798FA8C1F13ACB8008B5BF0 /* SupportingImages */,
				B70F35931F0A4B1300BA3575 /* NameIt_Bridging_Header.h */,
			);
			name = SupportingFiles;
			sourceTree = "<group>";
		};
		B70F35921F0A4AE400BA3575 /* DataModel */ = {
			isa = PBXGroup;
			children = (
				B70F35991F0A4B8800BA3575 /* DataBaseFile */,
			);
			name = DataModel;
			sourceTree = "<group>";
		};
		B70F35941F0A4B2B00BA3575 /* Frameworks */ = {
			isa = PBXGroup;
			children = (
				B70F35951F0A4B2B00BA3575 /* libsqlite3.tbd */,
			);
			name = Frameworks;
			sourceTree = "<group>";
		};
		B70F35991F0A4B8800BA3575 /* DataBaseFile */ = {
			isa = PBXGroup;
			children = (
				B70F359C1F0A4EC400BA3575 /* NameItDatabase.sqlite */,
				B70F35971F0A4B8200BA3575 /* DatabaseFile.swift */,
			);
			name = DataBaseFile;
			sourceTree = "<group>";
		};
		B70F35A31F0A519900BA3575 /* Controllers */ = {
			isa = PBXGroup;
			children = (
				B7E5C62F1F178C0D00A8FA37 /* SplashAnimationViewController */,
				B70F358D1F0A4A9200BA3575 /* PhotosViewController */,
				B70F358E1F0A4A9F00BA3575 /* EditPhotoViewController */,
			);
			name = Controllers;
			sourceTree = "<group>";
		};
		B7687ADE1F0F69C0001A6006 /* AirBrushViewController */ = {
			isa = PBXGroup;
			children = (
				B7687ADF1F0F69DD001A6006 /* AirBrushViewController.swift */,
			);
			name = AirBrushViewController;
			sourceTree = "<group>";
		};
		B7687AE11F0F6A05001A6006 /* PhotoPreviewViewController */ = {
			isa = PBXGroup;
			children = (
				B70F358F1F0A4AC100BA3575 /* PtotoPreviewViewController.swift */,
			);
			name = PhotoPreviewViewController;
			sourceTree = "<group>";
		};
		B76A54551F16270900EBB045 /* Fonts */ = {
			isa = PBXGroup;
			children = (
				B76A54561F16278200EBB045 /* Montserrat-Bold.ttf */,
				B76A54571F16278200EBB045 /* Montserrat-Light.ttf */,
				B76A54581F16278200EBB045 /* Montserrat-Regular.ttf */,
			);
			name = Fonts;
			sourceTree = "<group>";
		};
		B77EF21F1F0E520A00ADDC22 /* UserDefaultManager */ = {
			isa = PBXGroup;
			children = (
				B77EF2201F0E521300ADDC22 /* UserDefaultManager.swift */,
			);
			name = UserDefaultManager;
			sourceTree = "<group>";
		};
		B784BAE11F0CCE08009A5F89 /* View */ = {
			isa = PBXGroup;
			children = (
				B77EF21F1F0E520A00ADDC22 /* UserDefaultManager */,
				B784BAE21F0CCE12009A5F89 /* GlobalBackViewController */,
			);
			name = View;
			sourceTree = "<group>";
		};
		B784BAE21F0CCE12009A5F89 /* GlobalBackViewController */ = {
			isa = PBXGroup;
			children = (
				B784BAE31F0CCE29009A5F89 /* GlobalBackViewController.swift */,
			);
			name = GlobalBackViewController;
			sourceTree = "<group>";
		};
		B798FA871F137D80008B5BF0 /* HelperClasses */ = {
			isa = PBXGroup;
			children = (
				B7A6968C1F1899ED0052F819 /* Font */,
				B798FA881F137D8F008B5BF0 /* MMMaterialDesignSpinner */,
			);
			name = HelperClasses;
			sourceTree = "<group>";
		};
		B798FA881F137D8F008B5BF0 /* MMMaterialDesignSpinner */ = {
			isa = PBXGroup;
			children = (
				B798FA891F137DA3008B5BF0 /* MMMaterialDesignSpinner.h */,
				B798FA8A1F137DA3008B5BF0 /* MMMaterialDesignSpinner.m */,
			);
			name = MMMaterialDesignSpinner;
			sourceTree = "<group>";
		};
		B798FA8C1F13ACB8008B5BF0 /* SupportingImages */ = {
			isa = PBXGroup;
			children = (
				B7E5C61A1F178BC800A8FA37 /* SplashAnimation */,
				B7687AE41F0F6CB4001A6006 /* colorPickerPlate1.png */,
			);
			name = SupportingImages;
			sourceTree = "<group>";
		};
		B7A6968C1F1899ED0052F819 /* Font */ = {
			isa = PBXGroup;
			children = (
				B76A545C1F16294900EBB045 /* CustomFont.swift */,
			);
			name = Font;
			sourceTree = "<group>";
		};
		B7E5C61A1F178BC800A8FA37 /* SplashAnimation */ = {
			isa = PBXGroup;
			children = (
				B7E5C61B1F178BEA00A8FA37 /* image1.png */,
				B7E5C61C1F178BEA00A8FA37 /* image2.png */,
				B7E5C61D1F178BEA00A8FA37 /* image3.png */,
				B7E5C61E1F178BEA00A8FA37 /* image4.png */,
				B7E5C61F1F178BEA00A8FA37 /* image5.png */,
				B7E5C6201F178BEA00A8FA37 /* image6.png */,
				B7E5C6211F178BEA00A8FA37 /* image7.png */,
				B7E5C6221F178BEA00A8FA37 /* image8.png */,
				B7E5C6231F178BEA00A8FA37 /* image9.png */,
				B7C95C2B1F178F6E00BB1762 /* launchScreen.png */,
			);
			name = SplashAnimation;
			sourceTree = "<group>";
		};
		B7E5C62F1F178C0D00A8FA37 /* SplashAnimationViewController */ = {
			isa = PBXGroup;
			children = (
				B7E5C6301F178C1C00A8FA37 /* SplashViewController.swift */,
			);
			name = SplashAnimationViewController;
			sourceTree = "<group>";
		};
/* End PBXGroup section */

/* Begin PBXNativeTarget section */
		B70F35771F0A4A1200BA3575 /* NameIt */ = {
			isa = PBXNativeTarget;
			buildConfigurationList = B70F358A1F0A4A1200BA3575 /* Build configuration list for PBXNativeTarget "NameIt" */;
			buildPhases = (
				B70F35741F0A4A1200BA3575 /* Sources */,
				B70F35751F0A4A1200BA3575 /* Frameworks */,
				B70F35761F0A4A1200BA3575 /* Resources */,
			);
			buildRules = (
			);
			dependencies = (
			);
			name = NameIt;
			productName = NameIt;
			productReference = B70F35781F0A4A1200BA3575 /* NameIt.app */;
			productType = "com.apple.product-type.application";
		};
/* End PBXNativeTarget section */

/* Begin PBXProject section */
		B70F35701F0A4A1200BA3575 /* Project object */ = {
			isa = PBXProject;
			attributes = {
				LastSwiftUpdateCheck = 0830;
				LastUpgradeCheck = 0830;
				ORGANIZATIONNAME = Apple;
				TargetAttributes = {
					B70F35771F0A4A1200BA3575 = {
						CreatedOnToolsVersion = 8.3.2;
						DevelopmentTeam = M8A7BYS443;
						ProvisioningStyle = Manual;
					};
				};
			};
			buildConfigurationList = B70F35731F0A4A1200BA3575 /* Build configuration list for PBXProject "NameIt" */;
			compatibilityVersion = "Xcode 3.2";
			developmentRegion = English;
			hasScannedForEncodings = 0;
			knownRegions = (
				en,
				Base,
			);
			mainGroup = B70F356F1F0A4A1200BA3575;
			productRefGroup = B70F35791F0A4A1200BA3575 /* Products */;
			projectDirPath = "";
			projectRoot = "";
			targets = (
				B70F35771F0A4A1200BA3575 /* NameIt */,
			);
		};
/* End PBXProject section */

/* Begin PBXResourcesBuildPhase section */
		B70F35761F0A4A1200BA3575 /* Resources */ = {
			isa = PBXResourcesBuildPhase;
			buildActionMask = 2147483647;
			files = (
				B70F359D1F0A4EC400BA3575 /* NameItDatabase.sqlite in Resources */,
				B7687AE31F0F6BA8001A6006 /* colorPickerPlate.png in Resources */,
				B7E5C62C1F178BEA00A8FA37 /* image8.png in Resources */,
				B7E5C62D1F178BEA00A8FA37 /* image9.png in Resources */,
				B7E5C6261F178BEA00A8FA37 /* image2.png in Resources */,
				B7C95C2C1F178F6E00BB1762 /* launchScreen.png in Resources */,
				B7E5C62B1F178BEA00A8FA37 /* image7.png in Resources */,
				B7687AE51F0F6CB4001A6006 /* colorPickerPlate1.png in Resources */,
				B7E5C6281F178BEA00A8FA37 /* image4.png in Resources */,
				B76A545A1F16278200EBB045 /* Montserrat-Light.ttf in Resources */,
				B7E5C62A1F178BEA00A8FA37 /* image6.png in Resources */,
				B7E5C6251F178BEA00A8FA37 /* image1.png in Resources */,
				B76A54591F16278200EBB045 /* Montserrat-Bold.ttf in Resources */,
				B70F35861F0A4A1200BA3575 /* LaunchScreen.storyboard in Resources */,
				B70F35831F0A4A1200BA3575 /* Assets.xcassets in Resources */,
				B7E5C6291F178BEA00A8FA37 /* image5.png in Resources */,
				B7E5C6271F178BEA00A8FA37 /* image3.png in Resources */,
				B76A545B1F16278200EBB045 /* Montserrat-Regular.ttf in Resources */,
				B70F35811F0A4A1200BA3575 /* Main.storyboard in Resources */,
			);
			runOnlyForDeploymentPostprocessing = 0;
		};
/* End PBXResourcesBuildPhase section */

/* Begin PBXSourcesBuildPhase section */
		B70F35741F0A4A1200BA3575 /* Sources */ = {
			isa = PBXSourcesBuildPhase;
			buildActionMask = 2147483647;
			files = (
				B70F357E1F0A4A1200BA3575 /* ViewController.swift in Sources */,
				B798FA8B1F137DA3008B5BF0 /* MMMaterialDesignSpinner.m in Sources */,
				B7687AE01F0F69DD001A6006 /* AirBrushViewController.swift in Sources */,
				B784BAE01F0CBA7B009A5F89 /* PhotoGridCollectionViewCell.swift in Sources */,
				B70F357C1F0A4A1200BA3575 /* AppDelegate.swift in Sources */,
				B76A545D1F16294900EBB045 /* CustomFont.swift in Sources */,
				B70F35981F0A4B8200BA3575 /* DatabaseFile.swift in Sources */,
				B784BAE41F0CCE29009A5F89 /* GlobalBackViewController.swift in Sources */,
				B77EF2211F0E521300ADDC22 /* UserDefaultManager.swift in Sources */,
				B70F35901F0A4AC100BA3575 /* PtotoPreviewViewController.swift in Sources */,
				B7E5C6311F178C1C00A8FA37 /* SplashViewController.swift in Sources */,
			);
			runOnlyForDeploymentPostprocessing = 0;
		};
/* End PBXSourcesBuildPhase section */

/* Begin PBXVariantGroup section */
		B70F357F1F0A4A1200BA3575 /* Main.storyboard */ = {
			isa = PBXVariantGroup;
			children = (
				B70F35801F0A4A1200BA3575 /* Base */,
			);
			name = Main.storyboard;
			sourceTree = "<group>";
		};
		B70F35841F0A4A1200BA3575 /* LaunchScreen.storyboard */ = {
			isa = PBXVariantGroup;
			children = (
				B70F35851F0A4A1200BA3575 /* Base */,
			);
			name = LaunchScreen.storyboard;
			sourceTree = "<group>";
		};
/* End PBXVariantGroup section */

/* Begin XCBuildConfiguration section */
		B70F35881F0A4A1200BA3575 /* Debug */ = {
			isa = XCBuildConfiguration;
			buildSettings = {
				ALWAYS_SEARCH_USER_PATHS = NO;
				CLANG_ANALYZER_NONNULL = YES;
				CLANG_ANALYZER_NUMBER_OBJECT_CONVERSION = YES_AGGRESSIVE;
				CLANG_CXX_LANGUAGE_STANDARD = "gnu++0x";
				CLANG_CXX_LIBRARY = "libc++";
				CLANG_ENABLE_MODULES = YES;
				CLANG_ENABLE_OBJC_ARC = YES;
				CLANG_WARN_BOOL_CONVERSION = YES;
				CLANG_WARN_CONSTANT_CONVERSION = YES;
				CLANG_WARN_DIRECT_OBJC_ISA_USAGE = YES_ERROR;
				CLANG_WARN_DOCUMENTATION_COMMENTS = YES;
				CLANG_WARN_EMPTY_BODY = YES;
				CLANG_WARN_ENUM_CONVERSION = YES;
				CLANG_WARN_INFINITE_RECURSION = YES;
				CLANG_WARN_INT_CONVERSION = YES;
				CLANG_WARN_OBJC_ROOT_CLASS = YES_ERROR;
				CLANG_WARN_SUSPICIOUS_MOVE = YES;
				CLANG_WARN_UNREACHABLE_CODE = YES;
				CLANG_WARN__DUPLICATE_METHOD_MATCH = YES;
				CODE_SIGN_IDENTITY = "iPhone Distribution: Ranosys Technologies Pte Ltd";
				"CODE_SIGN_IDENTITY[sdk=iphoneos*]" = "iPhone Distribution: Ranosys Technologies Pte Ltd";
				COPY_PHASE_STRIP = NO;
				DEBUG_INFORMATION_FORMAT = dwarf;
				DEVELOPMENT_TEAM = M8A7BYS443;
				ENABLE_BITCODE = NO;
				ENABLE_STRICT_OBJC_MSGSEND = YES;
				ENABLE_TESTABILITY = YES;
				GCC_C_LANGUAGE_STANDARD = gnu99;
				GCC_DYNAMIC_NO_PIC = NO;
				GCC_NO_COMMON_BLOCKS = YES;
				GCC_OPTIMIZATION_LEVEL = 0;
				GCC_PREPROCESSOR_DEFINITIONS = (
					"DEBUG=1",
					"$(inherited)",
				);
				GCC_WARN_64_TO_32_BIT_CONVERSION = YES;
				GCC_WARN_ABOUT_RETURN_TYPE = YES_ERROR;
				GCC_WARN_UNDECLARED_SELECTOR = YES;
				GCC_WARN_UNINITIALIZED_AUTOS = YES_AGGRESSIVE;
				GCC_WARN_UNUSED_FUNCTION = YES;
				GCC_WARN_UNUSED_VARIABLE = YES;
				IPHONEOS_DEPLOYMENT_TARGET = 8.0;
				MTL_ENABLE_DEBUG_INFO = YES;
				ONLY_ACTIVE_ARCH = YES;
				PROVISIONING_PROFILE = "5d36d161-4eab-49e9-b4bd-cc5088e93d30";
				SDKROOT = iphoneos;
				SWIFT_ACTIVE_COMPILATION_CONDITIONS = DEBUG;
				SWIFT_OBJC_BRIDGING_HEADER = NameIt/NameIt_Bridging_Header.h;
				SWIFT_OPTIMIZATION_LEVEL = "-Onone";
			};
			name = Debug;
		};
		B70F35891F0A4A1200BA3575 /* Release */ = {
			isa = XCBuildConfiguration;
			buildSettings = {
				ALWAYS_SEARCH_USER_PATHS = NO;
				CLANG_ANALYZER_NONNULL = YES;
				CLANG_ANALYZER_NUMBER_OBJECT_CONVERSION = YES_AGGRESSIVE;
				CLANG_CXX_LANGUAGE_STANDARD = "gnu++0x";
				CLANG_CXX_LIBRARY = "libc++";
				CLANG_ENABLE_MODULES = YES;
				CLANG_ENABLE_OBJC_ARC = YES;
				CLANG_WARN_BOOL_CONVERSION = YES;
				CLANG_WARN_CONSTANT_CONVERSION = YES;
				CLANG_WARN_DIRECT_OBJC_ISA_USAGE = YES_ERROR;
				CLANG_WARN_DOCUMENTATION_COMMENTS = YES;
				CLANG_WARN_EMPTY_BODY = YES;
				CLANG_WARN_ENUM_CONVERSION = YES;
				CLANG_WARN_INFINITE_RECURSION = YES;
				CLANG_WARN_INT_CONVERSION = YES;
				CLANG_WARN_OBJC_ROOT_CLASS = YES_ERROR;
				CLANG_WARN_SUSPICIOUS_MOVE = YES;
				CLANG_WARN_UNREACHABLE_CODE = YES;
				CLANG_WARN__DUPLICATE_METHOD_MATCH = YES;
				CODE_SIGN_IDENTITY = "iPhone Distribution: Ranosys Technologies Pte Ltd";
				"CODE_SIGN_IDENTITY[sdk=iphoneos*]" = "iPhone Distribution: Ranosys Technologies Pte Ltd";
				COPY_PHASE_STRIP = NO;
				DEBUG_INFORMATION_FORMAT = "dwarf-with-dsym";
				DEVELOPMENT_TEAM = M8A7BYS443;
				ENABLE_BITCODE = NO;
				ENABLE_NS_ASSERTIONS = NO;
				ENABLE_STRICT_OBJC_MSGSEND = YES;
				GCC_C_LANGUAGE_STANDARD = gnu99;
				GCC_NO_COMMON_BLOCKS = YES;
				GCC_WARN_64_TO_32_BIT_CONVERSION = YES;
				GCC_WARN_ABOUT_RETURN_TYPE = YES_ERROR;
				GCC_WARN_UNDECLARED_SELECTOR = YES;
				GCC_WARN_UNINITIALIZED_AUTOS = YES_AGGRESSIVE;
				GCC_WARN_UNUSED_FUNCTION = YES;
				GCC_WARN_UNUSED_VARIABLE = YES;
				IPHONEOS_DEPLOYMENT_TARGET = 8.0;
				MTL_ENABLE_DEBUG_INFO = NO;
				PROVISIONING_PROFILE = "5d36d161-4eab-49e9-b4bd-cc5088e93d30";
				SDKROOT = iphoneos;
				SWIFT_OBJC_BRIDGING_HEADER = NameIt/NameIt_Bridging_Header.h;
				SWIFT_OPTIMIZATION_LEVEL = "-Owholemodule";
				VALIDATE_PRODUCT = YES;
			};
			name = Release;
		};
		B70F358B1F0A4A1200BA3575 /* Debug */ = {
			isa = XCBuildConfiguration;
			buildSettings = {
				ASSETCATALOG_COMPILER_APPICON_NAME = AppIcon;
				CODE_SIGN_IDENTITY = "iPhone Distribution: Ranosys Technologies Pte Ltd";
				"CODE_SIGN_IDENTITY[sdk=iphoneos*]" = "iPhone Distribution: Ranosys Technologies Pte Ltd";
				DEVELOPMENT_TEAM = M8A7BYS443;
				ENABLE_BITCODE = NO;
				INFOPLIST_FILE = NameIt/Info.plist;
				LD_RUNPATH_SEARCH_PATHS = "$(inherited) @executable_path/Frameworks";
				PRODUCT_BUNDLE_IDENTIFIER = com.ranosys.NameIt;
				PRODUCT_NAME = "$(TARGET_NAME)";
				PROVISIONING_PROFILE = "5d36d161-4eab-49e9-b4bd-cc5088e93d30";
				PROVISIONING_PROFILE_SPECIFIER = RanosysWildcard;
				SWIFT_OBJC_BRIDGING_HEADER = NameIt/NameIt_Bridging_Header.h;
				SWIFT_VERSION = 3.0;
			};
			name = Debug;
		};
		B70F358C1F0A4A1200BA3575 /* Release */ = {
			isa = XCBuildConfiguration;
			buildSettings = {
				ASSETCATALOG_COMPILER_APPICON_NAME = AppIcon;
				CODE_SIGN_IDENTITY = "iPhone Distribution: Ranosys Technologies Pte Ltd";
				"CODE_SIGN_IDENTITY[sdk=iphoneos*]" = "iPhone Distribution: Ranosys Technologies Pte Ltd";
				DEVELOPMENT_TEAM = M8A7BYS443;
				ENABLE_BITCODE = NO;
				INFOPLIST_FILE = NameIt/Info.plist;
				LD_RUNPATH_SEARCH_PATHS = "$(inherited) @executable_path/Frameworks";
				PRODUCT_BUNDLE_IDENTIFIER = com.ranosys.NameIt;
				PRODUCT_NAME = "$(TARGET_NAME)";
				PROVISIONING_PROFILE = "5d36d161-4eab-49e9-b4bd-cc5088e93d30";
				PROVISIONING_PROFILE_SPECIFIER = RanosysWildcard;
				SWIFT_OBJC_BRIDGING_HEADER = NameIt/NameIt_Bridging_Header.h;
				SWIFT_VERSION = 3.0;
			};
			name = Release;
		};
/* End XCBuildConfiguration section */

/* Begin XCConfigurationList section */
		B70F35731F0A4A1200BA3575 /* Build configuration list for PBXProject "NameIt" */ = {
			isa = XCConfigurationList;
			buildConfigurations = (
				B70F35881F0A4A1200BA3575 /* Debug */,
				B70F35891F0A4A1200BA3575 /* Release */,
			);
			defaultConfigurationIsVisible = 0;
			defaultConfigurationName = Release;
		};
		B70F358A1F0A4A1200BA3575 /* Build configuration list for PBXNativeTarget "NameIt" */ = {
			isa = XCConfigurationList;
			buildConfigurations = (
				B70F358B1F0A4A1200BA3575 /* Debug */,
				B70F358C1F0A4A1200BA3575 /* Release */,
			);
			defaultConfigurationIsVisible = 0;
			defaultConfigurationName = Release;
		};
/* End XCConfigurationList section */
	};
	rootObject = B70F35701F0A4A1200BA3575 /* Project object */;
}
